
Microsoft Visual Studio Solution File, Format Version 12.00
# Visual Studio Version 17
VisualStudioVersion = 17.7.34031.279
MinimumVisualStudioVersion = 10.0.40219.1
Project("{FAE04EC0-301F-11D3-BF4B-00C04F79EFBC}") = "Assigment 4", "Assigment 4\Assigment 4.csproj", "{641763D4-92EB-4D2A-A992-6580DCD95D00}"
EndProject
Global
	GlobalSection(SolutionConfigurationPlatforms) = preSolution
		Debug|Any CPU = Debug|Any CPU
		Release|Any CPU = Release|Any CPU
	EndGlobalSection
	GlobalSection(ProjectConfigurationPlatforms) = postSolution
		{641763D4-92EB-4D2A-A992-6580DCD95D00}.Debug|Any CPU.ActiveCfg = Debug|Any CPU
		{641763D4-92EB-4D2A-A992-6580DCD95D00}.Debug|Any CPU.Build.0 = Debug|Any CPU
		{641763D4-92EB-4D2A-A992-6580DCD95D00}.Release|Any CPU.ActiveCfg = Release|Any CPU
		{641763D4-92EB-4D2A-A992-6580DCD95D00}.Release|Any CPU.Build.0 = Release|Any CPU
	EndGlobalSection
	GlobalSection(SolutionProperties) = preSolution
		HideSolutionNode = FALSE
	EndGlobalSection
	GlobalSection(ExtensibilityGlobals) = postSolution
		SolutionGuid = {B6A1A8E5-9995-4668-B897-18C076E3FD97}
	EndGlobalSection
EndGlobal
